
Microsoft Visual Studio Solution File, Format Version 12.00
# Visual Studio Version 17
VisualStudioVersion = 17.9.34902.65
MinimumVisualStudioVersion = 10.0.40219.1
Project("{FAE04EC0-301F-11D3-BF4B-00C04F79EFBC}") = "RISK", "RISK\RISK.csproj", "{8F157FF8-6BF3-4189-901F-66F0986E0F15}"
EndProject
Global
	GlobalSection(SolutionConfigurationPlatforms) = preSolution
		Debug|Any CPU = Debug|Any CPU
		Release|Any CPU = Release|Any CPU
	EndGlobalSection
	GlobalSection(ProjectConfigurationPlatforms) = postSolution
		{8F157FF8-6BF3-4189-901F-66F0986E0F15}.Debug|Any CPU.ActiveCfg = Debug|Any CPU
		{8F157FF8-6BF3-4189-901F-66F0986E0F15}.Debug|Any CPU.Build.0 = Debug|Any CPU
		{8F157FF8-6BF3-4189-901F-66F0986E0F15}.Release|Any CPU.ActiveCfg = Release|Any CPU
		{8F157FF8-6BF3-4189-901F-66F0986E0F15}.Release|Any CPU.Build.0 = Release|Any CPU
	EndGlobalSection
	GlobalSection(SolutionProperties) = preSolution
		HideSolutionNode = FALSE
	EndGlobalSection
	GlobalSection(ExtensibilityGlobals) = postSolution
		SolutionGuid = {E1723B64-1739-4DEC-82F0-F7EE5E7C0393}
	EndGlobalSection
EndGlobal
